
Microsoft Visual Studio Solution File, Format Version 12.00
# Visual Studio Version 17
VisualStudioVersion = 17.4.33502.350
MinimumVisualStudioVersion = 10.0.40219.1
Project("{9A19103F-16F7-4668-BE54-9A1E7A4F7556}") = "BusinessHubWebApi", "BusinessHubWebApi\BusinessHubWebApi.csproj", "{51A38DE0-56A0-4457-92F5-715A1AD21C3A}"
EndProject
Project("{FAE04EC0-301F-11D3-BF4B-00C04F79EFBC}") = "DomainLayer", "DomainLayer\DomainLayer.csproj", "{CCDC19DD-E8E1-443C-B5FA-08552ACA727A}"
EndProject
Project("{9A19103F-16F7-4668-BE54-9A1E7A4F7556}") = "RepositoryLayer", "RepositoryLayer\RepositoryLayer.csproj", "{A9947D78-A5D4-4563-85B2-B3277D74E22A}"
EndProject
Project("{9A19103F-16F7-4668-BE54-9A1E7A4F7556}") = "ServiceLayer", "ServiceLayer\ServiceLayer.csproj", "{548AE0E4-CB68-4213-8B50-706CDCA0183F}"
EndProject
Project("{2150E333-8FDC-42A3-9474-1A3956D46DE8}") = "Infrastructure", "Infrastructure", "{25586D26-3CD6-487A-BE01-4C22B282EF02}"
EndProject
Project("{9A19103F-16F7-4668-BE54-9A1E7A4F7556}") = "BusinessHub.Infrastructure", "BusinessHub.Infrastructure\BusinessHub.Infrastructure.csproj", "{71B70EBB-4E1B-459B-B3E9-B5CC90B607A6}"
EndProject
Global
	GlobalSection(SolutionConfigurationPlatforms) = preSolution
		Debug|Any CPU = Debug|Any CPU
		Release|Any CPU = Release|Any CPU
	EndGlobalSection
	GlobalSection(ProjectConfigurationPlatforms) = postSolution
		{51A38DE0-56A0-4457-92F5-715A1AD21C3A}.Debug|Any CPU.ActiveCfg = Debug|Any CPU
		{51A38DE0-56A0-4457-92F5-715A1AD21C3A}.Debug|Any CPU.Build.0 = Debug|Any CPU
		{51A38DE0-56A0-4457-92F5-715A1AD21C3A}.Release|Any CPU.ActiveCfg = Release|Any CPU
		{51A38DE0-56A0-4457-92F5-715A1AD21C3A}.Release|Any CPU.Build.0 = Release|Any CPU
		{CCDC19DD-E8E1-443C-B5FA-08552ACA727A}.Debug|Any CPU.ActiveCfg = Debug|Any CPU
		{CCDC19DD-E8E1-443C-B5FA-08552ACA727A}.Debug|Any CPU.Build.0 = Debug|Any CPU
		{CCDC19DD-E8E1-443C-B5FA-08552ACA727A}.Release|Any CPU.ActiveCfg = Release|Any CPU
		{CCDC19DD-E8E1-443C-B5FA-08552ACA727A}.Release|Any CPU.Build.0 = Release|Any CPU
		{A9947D78-A5D4-4563-85B2-B3277D74E22A}.Debug|Any CPU.ActiveCfg = Debug|Any CPU
		{A9947D78-A5D4-4563-85B2-B3277D74E22A}.Debug|Any CPU.Build.0 = Debug|Any CPU
		{A9947D78-A5D4-4563-85B2-B3277D74E22A}.Release|Any CPU.ActiveCfg = Release|Any CPU
		{A9947D78-A5D4-4563-85B2-B3277D74E22A}.Release|Any CPU.Build.0 = Release|Any CPU
		{548AE0E4-CB68-4213-8B50-706CDCA0183F}.Debug|Any CPU.ActiveCfg = Debug|Any CPU
		{548AE0E4-CB68-4213-8B50-706CDCA0183F}.Debug|Any CPU.Build.0 = Debug|Any CPU
		{548AE0E4-CB68-4213-8B50-706CDCA0183F}.Release|Any CPU.ActiveCfg = Release|Any CPU
		{548AE0E4-CB68-4213-8B50-706CDCA0183F}.Release|Any CPU.Build.0 = Release|Any CPU
		{71B70EBB-4E1B-459B-B3E9-B5CC90B607A6}.Debug|Any CPU.ActiveCfg = Debug|Any CPU
		{71B70EBB-4E1B-459B-B3E9-B5CC90B607A6}.Debug|Any CPU.Build.0 = Debug|Any CPU
		{71B70EBB-4E1B-459B-B3E9-B5CC90B607A6}.Release|Any CPU.ActiveCfg = Release|Any CPU
		{71B70EBB-4E1B-459B-B3E9-B5CC90B607A6}.Release|Any CPU.Build.0 = Release|Any CPU
	EndGlobalSection
	GlobalSection(SolutionProperties) = preSolution
		HideSolutionNode = FALSE
	EndGlobalSection
	GlobalSection(NestedProjects) = preSolution
		{71B70EBB-4E1B-459B-B3E9-B5CC90B607A6} = {25586D26-3CD6-487A-BE01-4C22B282EF02}
	EndGlobalSection
	GlobalSection(ExtensibilityGlobals) = postSolution
		SolutionGuid = {12A6A771-46D5-4E7D-8BA0-0D60D437786D}
	EndGlobalSection
EndGlobal
